
Microsoft Visual Studio Solution File, Format Version 12.00
# Visual Studio Version 17
VisualStudioVersion = 17.2.32526.322
MinimumVisualStudioVersion = 10.0.40219.1
Project("{FAE04EC0-301F-11D3-BF4B-00C04F79EFBC}") = "Client", "Client\Client.csproj", "{9C3C8447-277F-4991-94FB-83936E31DAF6}"
EndProject
Project("{FAE04EC0-301F-11D3-BF4B-00C04F79EFBC}") = "Server", "Server\Server.csproj", "{248FD7BE-CEC7-4329-B695-8CE0857AC5CD}"
EndProject
Global
	GlobalSection(SolutionConfigurationPlatforms) = preSolution
		Debug|Any CPU = Debug|Any CPU
		Release|Any CPU = Release|Any CPU
	EndGlobalSection
	GlobalSection(ProjectConfigurationPlatforms) = postSolution
		{9C3C8447-277F-4991-94FB-83936E31DAF6}.Debug|Any CPU.ActiveCfg = Debug|Any CPU
		{9C3C8447-277F-4991-94FB-83936E31DAF6}.Debug|Any CPU.Build.0 = Debug|Any CPU
		{9C3C8447-277F-4991-94FB-83936E31DAF6}.Release|Any CPU.ActiveCfg = Release|Any CPU
		{9C3C8447-277F-4991-94FB-83936E31DAF6}.Release|Any CPU.Build.0 = Release|Any CPU
		{248FD7BE-CEC7-4329-B695-8CE0857AC5CD}.Debug|Any CPU.ActiveCfg = Debug|Any CPU
		{248FD7BE-CEC7-4329-B695-8CE0857AC5CD}.Debug|Any CPU.Build.0 = Debug|Any CPU
		{248FD7BE-CEC7-4329-B695-8CE0857AC5CD}.Release|Any CPU.ActiveCfg = Release|Any CPU
		{248FD7BE-CEC7-4329-B695-8CE0857AC5CD}.Release|Any CPU.Build.0 = Release|Any CPU
	EndGlobalSection
	GlobalSection(SolutionProperties) = preSolution
		HideSolutionNode = FALSE
	EndGlobalSection
	GlobalSection(ExtensibilityGlobals) = postSolution
		SolutionGuid = {56CB42C5-4F5F-4EE8-B93F-4FF26E7A576A}
	EndGlobalSection
EndGlobal
